
Microsoft Visual Studio Solution File, Format Version 12.00
# Visual Studio Version 17
VisualStudioVersion = 17.3.32825.248
MinimumVisualStudioVersion = 10.0.40219.1
Project("{9A19103F-16F7-4668-BE54-9A1E7A4F7556}") = "CityAPI", "CityAPI\CityAPI.csproj", "{36F8746D-0EBE-4AFA-B398-F74767A61240}"
EndProject
Global
	GlobalSection(SolutionConfigurationPlatforms) = preSolution
		Debug|Any CPU = Debug|Any CPU
		Release|Any CPU = Release|Any CPU
	EndGlobalSection
	GlobalSection(ProjectConfigurationPlatforms) = postSolution
		{36F8746D-0EBE-4AFA-B398-F74767A61240}.Debug|Any CPU.ActiveCfg = Debug|Any CPU
		{36F8746D-0EBE-4AFA-B398-F74767A61240}.Debug|Any CPU.Build.0 = Debug|Any CPU
		{36F8746D-0EBE-4AFA-B398-F74767A61240}.Release|Any CPU.ActiveCfg = Release|Any CPU
		{36F8746D-0EBE-4AFA-B398-F74767A61240}.Release|Any CPU.Build.0 = Release|Any CPU
	EndGlobalSection
	GlobalSection(SolutionProperties) = preSolution
		HideSolutionNode = FALSE
	EndGlobalSection
	GlobalSection(ExtensibilityGlobals) = postSolution
		SolutionGuid = {05A32E6C-6E5E-444D-A3A4-F8A03D4AEEC2}
	EndGlobalSection
EndGlobal
